{
  "name": "setup-minecraft",
  "version": "1.0.0",
  "lockfileVersion": 2,
  "requires": true,
  "packages": {
    "": {
      "version": "1.0.0",
      "license": "MIT",
      "dependencies": {
        "@actions/core": "^1.2.7"
      },
      "devDependencies": {
        "@types/node": "^15.0.3",
        "@vercel/ncc": "^0.28.5",
        "typescript": "^4.2.4"
      }
    },
    "node_modules/@actions/core": {
      "version": "1.2.7",
      "resolved": "https://registry.npmjs.org/@actions/core/-/core-1.2.7.tgz",
      "integrity": "sha512-kzLFD5BgEvq6ubcxdgPbRKGD2Qrgya/5j+wh4LZzqT915I0V3rED+MvjH6NXghbvk1MXknpNNQ3uKjXSEN00Ig=="
    },
    "node_modules/@types/node": {
      "version": "15.0.3",
      "resolved": "https://registry.npmjs.org/@types/node/-/node-15.0.3.tgz",
      "integrity": "sha512-/WbxFeBU+0F79z9RdEOXH4CsDga+ibi5M8uEYr91u3CkT/pdWcV8MCook+4wDPnZBexRdwWS+PiVZ2xJviAzcQ==",
      "dev": true
    },
    "node_modules/@vercel/ncc": {
      "version": "0.28.5",
      "resolved": "https://registry.npmjs.org/@vercel/ncc/-/ncc-0.28.5.tgz",
      "integrity": "sha512-ZSwD4EDCon2EsnPZ2/Qcigx4N2DiuBLV/rDnF04giEPFuDeBeUDdnSTyYYfX8KNic/prrJuS1vUEmAOHmj+fRg==",
      "dev": true,
      "bin": {
        "ncc": "dist/ncc/cli.js"
      }
    },
    "node_modules/typescript": {
      "version": "4.2.4",
      "resolved": "https://registry.npmjs.org/typescript/-/typescript-4.2.4.tgz",
      "integrity": "sha512-V+evlYHZnQkaz8TRBuxTA92yZBPotr5H+WhQ7bD3hZUndx5tGOa1fuCgeSjxAzM1RiN5IzvadIXTVefuuwZCRg==",
      "dev": true,
      "bin": {
        "tsc": "bin/tsc",
        "tsserver": "bin/tsserver"
      },
      "engines": {
        "node": ">=4.2.0"
      }
    }
  },
  "dependencies": {
    "@actions/core": {
      "version": "1.2.7",
      "resolved": "https://registry.npmjs.org/@actions/core/-/core-1.2.7.tgz",
      "integrity": "sha512-kzLFD5BgEvq6ubcxdgPbRKGD2Qrgya/5j+wh4LZzqT915I0V3rED+MvjH6NXghbvk1MXknpNNQ3uKjXSEN00Ig=="
    },
    "@types/node": {
      "version": "15.0.3",
      "resolved": "https://registry.npmjs.org/@types/node/-/node-15.0.3.tgz",
      "integrity": "sha512-/WbxFeBU+0F79z9RdEOXH4CsDga+ibi5M8uEYr91u3CkT/pdWcV8MCook+4wDPnZBexRdwWS+PiVZ2xJviAzcQ==",
      "dev": true
    },
    "@vercel/ncc": {
      "version": "0.28.5",
      "resolved": "https://registry.npmjs.org/@vercel/ncc/-/ncc-0.28.5.tgz",
      "integrity": "sha512-ZSwD4EDCon2EsnPZ2/Qcigx4N2DiuBLV/rDnF04giEPFuDeBeUDdnSTyYYfX8KNic/prrJuS1vUEmAOHmj+fRg==",
      "dev": true
    },
    "typescript": {
      "version": "4.2.4",
      "resolved": "https://registry.npmjs.org/typescript/-/typescript-4.2.4.tgz",
      "integrity": "sha512-V+evlYHZnQkaz8TRBuxTA92yZBPotr5H+WhQ7bD3hZUndx5tGOa1fuCgeSjxAzM1RiN5IzvadIXTVefuuwZCRg==",
      "dev": true
    }
  }
}
